// !$*UTF8*$!
{
	archiveVersion = 1;
	classes = {
	};
	objectVersion = 51;
	objects = {

/* Begin PBXBuildFile section */
		46726708CCC4FB64867C0CCA /* Pods_InstaClone.framework in Frameworks */ = {isa = PBXBuildFile; fileRef = B8FD19B974F714D93C0D3D02 /* Pods_InstaClone.framework */; };
		FCB07ED92606D5FD00E75FB3 /* AppDelegate.swift in Sources */ = {isa = PBXBuildFile; fileRef = FCB07ED82606D5FD00E75FB3 /* AppDelegate.swift */; };
		FCB07EDB2606D5FD00E75FB3 /* SceneDelegate.swift in Sources */ = {isa = PBXBuildFile; fileRef = FCB07EDA2606D5FD00E75FB3 /* SceneDelegate.swift */; };
		FCB07EDD2606D5FD00E75FB3 /* ViewController.swift in Sources */ = {isa = PBXBuildFile; fileRef = FCB07EDC2606D5FD00E75FB3 /* ViewController.swift */; };
		FCB07EE02606D5FD00E75FB3 /* Main.storyboard in Resources */ = {isa = PBXBuildFile; fileRef = FCB07EDE2606D5FD00E75FB3 /* Main.storyboard */; };
		FCB07EE22606D5FE00E75FB3 /* Assets.xcassets in Resources */ = {isa = PBXBuildFile; fileRef = FCB07EE12606D5FE00E75FB3 /* Assets.xcassets */; };
		FCB07EE52606D5FE00E75FB3 /* LaunchScreen.storyboard in Resources */ = {isa = PBXBuildFile; fileRef = FCB07EE32606D5FE00E75FB3 /* LaunchScreen.storyboard */; };
		FCB07EEE2606D60900E75FB3 /* GoogleService-Info.plist in Resources */ = {isa = PBXBuildFile; fileRef = FCB07EED2606D60900E75FB3 /* GoogleService-Info.plist */; };
		FCB07F082606DDFB00E75FB3 /* FeedViewController.swift in Sources */ = {isa = PBXBuildFile; fileRef = FCB07F072606DDFB00E75FB3 /* FeedViewController.swift */; };
		FCB07F0B2606DE0F00E75FB3 /* UploadViewController.swift in Sources */ = {isa = PBXBuildFile; fileRef = FCB07F0A2606DE0F00E75FB3 /* UploadViewController.swift */; };
		FCB07F0E2606DE2500E75FB3 /* SettingsViewController.swift in Sources */ = {isa = PBXBuildFile; fileRef = FCB07F0D2606DE2500E75FB3 /* SettingsViewController.swift */; };
		FCDB7B852608E7520064D3BA /* FeedCell.swift in Sources */ = {isa = PBXBuildFile; fileRef = FCDB7B842608E7520064D3BA /* FeedCell.swift */; };
/* End PBXBuildFile section */

/* Begin PBXFileReference section */
		2F2EE7E8F608C6AE54092714 /* Pods-InstaClone.debug.xcconfig */ = {isa = PBXFileReference; includeInIndex = 1; lastKnownFileType = text.xcconfig; name = "Pods-InstaClone.debug.xcconfig"; path = "Target Support Files/Pods-InstaClone/Pods-InstaClone.debug.xcconfig"; sourceTree = "<group>"; };
		B8FD19B974F714D93C0D3D02 /* Pods_InstaClone.framework */ = {isa = PBXFileReference; explicitFileType = wrapper.framework; includeInIndex = 0; path = Pods_InstaClone.framework; sourceTree = BUILT_PRODUCTS_DIR; };
		C5FE3F28AB0A8399DE86B64C /* Pods-InstaClone.release.xcconfig */ = {isa = PBXFileReference; includeInIndex = 1; lastKnownFileType = text.xcconfig; name = "Pods-InstaClone.release.xcconfig"; path = "Target Support Files/Pods-InstaClone/Pods-InstaClone.release.xcconfig"; sourceTree = "<group>"; };
		FCB07ED52606D5FD00E75FB3 /* InstaClone.app */ = {isa = PBXFileReference; explicitFileType = wrapper.application; includeInIndex = 0; path = InstaClone.app; sourceTree = BUILT_PRODUCTS_DIR; };
		FCB07ED82606D5FD00E75FB3 /* AppDelegate.swift */ = {isa = PBXFileReference; lastKnownFileType = sourcecode.swift; path = AppDelegate.swift; sourceTree = "<group>"; };
		FCB07EDA2606D5FD00E75FB3 /* SceneDelegate.swift */ = {isa = PBXFileReference; lastKnownFileType = sourcecode.swift; path = SceneDelegate.swift; sourceTree = "<group>"; };
		FCB07EDC2606D5FD00E75FB3 /* ViewController.swift */ = {isa = PBXFileReference; lastKnownFileType = sourcecode.swift; path = ViewController.swift; sourceTree = "<group>"; };
		FCB07EDF2606D5FD00E75FB3 /* Base */ = {isa = PBXFileReference; lastKnownFileType = file.storyboard; name = Base; path = Base.lproj/Main.storyboard; sourceTree = "<group>"; };
		FCB07EE12606D5FE00E75FB3 /* Assets.xcassets */ = {isa = PBXFileReference; lastKnownFileType = folder.assetcatalog; path = Assets.xcassets; sourceTree = "<group>"; };
		FCB07EE42606D5FE00E75FB3 /* Base */ = {isa = PBXFileReference; lastKnownFileType = file.storyboard; name = Base; path = Base.lproj/LaunchScreen.storyboard; sourceTree = "<group>"; };
		FCB07EE62606D5FE00E75FB3 /* Info.plist */ = {isa = PBXFileReference; lastKnownFileType = text.plist.xml; path = Info.plist; sourceTree = "<group>"; };
		FCB07EED2606D60900E75FB3 /* GoogleService-Info.plist */ = {isa = PBXFileReference; fileEncoding = 4; lastKnownFileType = text.plist.xml; path = "GoogleService-Info.plist"; sourceTree = "<group>"; };
		FCB07F072606DDFB00E75FB3 /* FeedViewController.swift */ = {isa = PBXFileReference; lastKnownFileType = sourcecode.swift; path = FeedViewController.swift; sourceTree = "<group>"; };
		FCB07F0A2606DE0F00E75FB3 /* UploadViewController.swift */ = {isa = PBXFileReference; lastKnownFileType = sourcecode.swift; path = UploadViewController.swift; sourceTree = "<group>"; };
		FCB07F0D2606DE2500E75FB3 /* SettingsViewController.swift */ = {isa = PBXFileReference; lastKnownFileType = sourcecode.swift; path = SettingsViewController.swift; sourceTree = "<group>"; };
		FCDB7B842608E7520064D3BA /* FeedCell.swift */ = {isa = PBXFileReference; lastKnownFileType = sourcecode.swift; path = FeedCell.swift; sourceTree = "<group>"; };
/* End PBXFileReference section */

/* Begin PBXFrameworksBuildPhase section */
		FCB07ED22606D5FD00E75FB3 /* Frameworks */ = {
			isa = PBXFrameworksBuildPhase;
			buildActionMask = 2147483647;
			files = (
				46726708CCC4FB64867C0CCA /* Pods_InstaClone.framework in Frameworks */,
			);
			runOnlyForDeploymentPostprocessing = 0;
		};
/* End PBXFrameworksBuildPhase section */

/* Begin PBXGroup section */
		67D94BF8793AFEB56EEB0E8B /* Pods */ = {
			isa = PBXGroup;
			children = (
				2F2EE7E8F608C6AE54092714 /* Pods-InstaClone.debug.xcconfig */,
				C5FE3F28AB0A8399DE86B64C /* Pods-InstaClone.release.xcconfig */,
			);
			path = Pods;
			sourceTree = "<group>";
		};
		BEE6BE4BB86D34CC265909A7 /* Frameworks */ = {
			isa = PBXGroup;
			children = (
				B8FD19B974F714D93C0D3D02 /* Pods_InstaClone.framework */,
			);
			name = Frameworks;
			sourceTree = "<group>";
		};
		FCB07ECC2606D5FD00E75FB3 = {
			isa = PBXGroup;
			children = (
				FCB07ED72606D5FD00E75FB3 /* InstaClone */,
				FCB07ED62606D5FD00E75FB3 /* Products */,
				67D94BF8793AFEB56EEB0E8B /* Pods */,
				BEE6BE4BB86D34CC265909A7 /* Frameworks */,
			);
			sourceTree = "<group>";
		};
		FCB07ED62606D5FD00E75FB3 /* Products */ = {
			isa = PBXGroup;
			children = (
				FCB07ED52606D5FD00E75FB3 /* InstaClone.app */,
			);
			name = Products;
			sourceTree = "<group>";
		};
		FCB07ED72606D5FD00E75FB3 /* InstaClone */ = {
			isa = PBXGroup;
			children = (
				FCB07ED82606D5FD00E75FB3 /* AppDelegate.swift */,
				FCB07EDA2606D5FD00E75FB3 /* SceneDelegate.swift */,
				FCB07EDC2606D5FD00E75FB3 /* ViewController.swift */,
				FCB07EDE2606D5FD00E75FB3 /* Main.storyboard */,
				FCB07EE12606D5FE00E75FB3 /* Assets.xcassets */,
				FCB07EE32606D5FE00E75FB3 /* LaunchScreen.storyboard */,
				FCB07EED2606D60900E75FB3 /* GoogleService-Info.plist */,
				FCB07EE62606D5FE00E75FB3 /* Info.plist */,
				FCB07F072606DDFB00E75FB3 /* FeedViewController.swift */,
				FCB07F0A2606DE0F00E75FB3 /* UploadViewController.swift */,
				FCB07F0D2606DE2500E75FB3 /* SettingsViewController.swift */,
				FCDB7B842608E7520064D3BA /* FeedCell.swift */,
			);
			path = InstaClone;
			sourceTree = "<group>";
		};
/* End PBXGroup section */

/* Begin PBXNativeTarget section */
		FCB07ED42606D5FD00E75FB3 /* InstaClone */ = {
			isa = PBXNativeTarget;
			buildConfigurationList = FCB07EE92606D5FE00E75FB3 /* Build configuration list for PBXNativeTarget "InstaClone" */;
			buildPhases = (
				846B6CE8512F2FFC5E6D3123 /* [CP] Check Pods Manifest.lock */,
				FCB07ED12606D5FD00E75FB3 /* Sources */,
				FCB07ED22606D5FD00E75FB3 /* Frameworks */,
				FCB07ED32606D5FD00E75FB3 /* Resources */,
				AC2F193542E8CB4E2C665A8C /* [CP] Embed Pods Frameworks */,
			);
			buildRules = (
			);
			dependencies = (
			);
			name = InstaClone;
			productName = InstaClone;
			productReference = FCB07ED52606D5FD00E75FB3 /* InstaClone.app */;
			productType = "com.apple.product-type.application";
		};
/* End PBXNativeTarget section */

/* Begin PBXProject section */
		FCB07ECD2606D5FD00E75FB3 /* Project object */ = {
			isa = PBXProject;
			attributes = {
				LastSwiftUpdateCheck = 1240;
				LastUpgradeCheck = 1240;
				TargetAttributes = {
					FCB07ED42606D5FD00E75FB3 = {
						CreatedOnToolsVersion = 12.4;
					};
				};
			};
			buildConfigurationList = FCB07ED02606D5FD00E75FB3 /* Build configuration list for PBXProject "InstaClone" */;
			compatibilityVersion = "Xcode 9.3";
			developmentRegion = en;
			hasScannedForEncodings = 0;
			knownRegions = (
				en,
				Base,
			);
			mainGroup = FCB07ECC2606D5FD00E75FB3;
			productRefGroup = FCB07ED62606D5FD00E75FB3 /* Products */;
			projectDirPath = "";
			projectRoot = "";
			targets = (
				FCB07ED42606D5FD00E75FB3 /* InstaClone */,
			);
		};
/* End PBXProject section */

/* Begin PBXResourcesBuildPhase section */
		FCB07ED32606D5FD00E75FB3 /* Resources */ = {
			isa = PBXResourcesBuildPhase;
			buildActionMask = 2147483647;
			files = (
				FCB07EE52606D5FE00E75FB3 /* LaunchScreen.storyboard in Resources */,
				FCB07EEE2606D60900E75FB3 /* GoogleService-Info.plist in Resources */,
				FCB07EE22606D5FE00E75FB3 /* Assets.xcassets in Resources */,
				FCB07EE02606D5FD00E75FB3 /* Main.storyboard in Resources */,
			);
			runOnlyForDeploymentPostprocessing = 0;
		};
/* End PBXResourcesBuildPhase section */

/* Begin PBXShellScriptBuildPhase section */
		846B6CE8512F2FFC5E6D3123 /* [CP] Check Pods Manifest.lock */ = {
			isa = PBXShellScriptBuildPhase;
			buildActionMask = 2147483647;
			files = (
			);
			inputFileListPaths = (
			);
			inputPaths = (
				"${PODS_PODFILE_DIR_PATH}/Podfile.lock",
				"${PODS_ROOT}/Manifest.lock",
			);
			name = "[CP] Check Pods Manifest.lock";
			outputFileListPaths = (
			);
			outputPaths = (
				"$(DERIVED_FILE_DIR)/Pods-InstaClone-checkManifestLockResult.txt",
			);
			runOnlyForDeploymentPostprocessing = 0;
			shellPath = /bin/sh;
			shellScript = "diff \"${PODS_PODFILE_DIR_PATH}/Podfile.lock\" \"${PODS_ROOT}/Manifest.lock\" > /dev/null\nif [ $? != 0 ] ; then\n    # print error to STDERR\n    echo \"error: The sandbox is not in sync with the Podfile.lock. Run 'pod install' or update your CocoaPods installation.\" >&2\n    exit 1\nfi\n# This output is used by Xcode 'outputs' to avoid re-running this script phase.\necho \"SUCCESS\" > \"${SCRIPT_OUTPUT_FILE_0}\"\n";
			showEnvVarsInLog = 0;
		};
		AC2F193542E8CB4E2C665A8C /* [CP] Embed Pods Frameworks */ = {
			isa = PBXShellScriptBuildPhase;
			buildActionMask = 2147483647;
			files = (
			);
			inputFileListPaths = (
				"${PODS_ROOT}/Target Support Files/Pods-InstaClone/Pods-InstaClone-frameworks-${CONFIGURATION}-input-files.xcfilelist",
			);
			name = "[CP] Embed Pods Frameworks";
			outputFileListPaths = (
				"${PODS_ROOT}/Target Support Files/Pods-InstaClone/Pods-InstaClone-frameworks-${CONFIGURATION}-output-files.xcfilelist",
			);
			runOnlyForDeploymentPostprocessing = 0;
			shellPath = /bin/sh;
			shellScript = "\"${PODS_ROOT}/Target Support Files/Pods-InstaClone/Pods-InstaClone-frameworks.sh\"\n";
			showEnvVarsInLog = 0;
		};
/* End PBXShellScriptBuildPhase section */

/* Begin PBXSourcesBuildPhase section */
		FCB07ED12606D5FD00E75FB3 /* Sources */ = {
			isa = PBXSourcesBuildPhase;
			buildActionMask = 2147483647;
			files = (
				FCDB7B852608E7520064D3BA /* FeedCell.swift in Sources */,
				FCB07EDD2606D5FD00E75FB3 /* ViewController.swift in Sources */,
				FCB07F0B2606DE0F00E75FB3 /* UploadViewController.swift in Sources */,
				FCB07ED92606D5FD00E75FB3 /* AppDelegate.swift in Sources */,
				FCB07F082606DDFB00E75FB3 /* FeedViewController.swift in Sources */,
				FCB07EDB2606D5FD00E75FB3 /* SceneDelegate.swift in Sources */,
				FCB07F0E2606DE2500E75FB3 /* SettingsViewController.swift in Sources */,
			);
			runOnlyForDeploymentPostprocessing = 0;
		};
/* End PBXSourcesBuildPhase section */

/* Begin PBXVariantGroup section */
		FCB07EDE2606D5FD00E75FB3 /* Main.storyboard */ = {
			isa = PBXVariantGroup;
			children = (
				FCB07EDF2606D5FD00E75FB3 /* Base */,
			);
			name = Main.storyboard;
			sourceTree = "<group>";
		};
		FCB07EE32606D5FE00E75FB3 /* LaunchScreen.storyboard */ = {
			isa = PBXVariantGroup;
			children = (
				FCB07EE42606D5FE00E75FB3 /* Base */,
			);
			name = LaunchScreen.storyboard;
			sourceTree = "<group>";
		};
/* End PBXVariantGroup section */

/* Begin XCBuildConfiguration section */
		FCB07EE72606D5FE00E75FB3 /* Debug */ = {
			isa = XCBuildConfiguration;
			buildSettings = {
				ALWAYS_SEARCH_USER_PATHS = NO;
				CLANG_ANALYZER_NONNULL = YES;
				CLANG_ANALYZER_NUMBER_OBJECT_CONVERSION = YES_AGGRESSIVE;
				CLANG_CXX_LANGUAGE_STANDARD = "gnu++14";
				CLANG_CXX_LIBRARY = "libc++";
				CLANG_ENABLE_MODULES = YES;
				CLANG_ENABLE_OBJC_ARC = YES;
				CLANG_ENABLE_OBJC_WEAK = YES;
				CLANG_WARN_BLOCK_CAPTURE_AUTORELEASING = YES;
				CLANG_WARN_BOOL_CONVERSION = YES;
				CLANG_WARN_COMMA = YES;
				CLANG_WARN_CONSTANT_CONVERSION = YES;
				CLANG_WARN_DEPRECATED_OBJC_IMPLEMENTATIONS = YES;
				CLANG_WARN_DIRECT_OBJC_ISA_USAGE = YES_ERROR;
				CLANG_WARN_DOCUMENTATION_COMMENTS = YES;
				CLANG_WARN_EMPTY_BODY = YES;
				CLANG_WARN_ENUM_CONVERSION = YES;
				CLANG_WARN_INFINITE_RECURSION = YES;
				CLANG_WARN_INT_CONVERSION = YES;
				CLANG_WARN_NON_LITERAL_NULL_CONVERSION = YES;
				CLANG_WARN_OBJC_IMPLICIT_RETAIN_SELF = YES;
				CLANG_WARN_OBJC_LITERAL_CONVERSION = YES;
				CLANG_WARN_OBJC_ROOT_CLASS = YES_ERROR;
				CLANG_WARN_QUOTED_INCLUDE_IN_FRAMEWORK_HEADER = YES;
				CLANG_WARN_RANGE_LOOP_ANALYSIS = YES;
				CLANG_WARN_STRICT_PROTOTYPES = YES;
				CLANG_WARN_SUSPICIOUS_MOVE = YES;
				CLANG_WARN_UNGUARDED_AVAILABILITY = YES_AGGRESSIVE;
				CLANG_WARN_UNREACHABLE_CODE = YES;
				CLANG_WARN__DUPLICATE_METHOD_MATCH = YES;
				COPY_PHASE_STRIP = NO;
				DEBUG_INFORMATION_FORMAT = dwarf;
				ENABLE_STRICT_OBJC_MSGSEND = YES;
				ENABLE_TESTABILITY = YES;
				GCC_C_LANGUAGE_STANDARD = gnu11;
				GCC_DYNAMIC_NO_PIC = NO;
				GCC_NO_COMMON_BLOCKS = YES;
				GCC_OPTIMIZATION_LEVEL = 0;
				GCC_PREPROCESSOR_DEFINITIONS = (
					"DEBUG=1",
					"$(inherited)",
				);
				GCC_WARN_64_TO_32_BIT_CONVERSION = YES;
				GCC_WARN_ABOUT_RETURN_TYPE = YES_ERROR;
				GCC_WARN_UNDECLARED_SELECTOR = YES;
				GCC_WARN_UNINITIALIZED_AUTOS = YES_AGGRESSIVE;
				GCC_WARN_UNUSED_FUNCTION = YES;
				GCC_WARN_UNUSED_VARIABLE = YES;
				IPHONEOS_DEPLOYMENT_TARGET = 14.4;
				MTL_ENABLE_DEBUG_INFO = INCLUDE_SOURCE;
				MTL_FAST_MATH = YES;
				ONLY_ACTIVE_ARCH = YES;
				SDKROOT = iphoneos;
				SWIFT_ACTIVE_COMPILATION_CONDITIONS = DEBUG;
				SWIFT_OPTIMIZATION_LEVEL = "-Onone";
			};
			name = Debug;
		};
		FCB07EE82606D5FE00E75FB3 /* Release */ = {
			isa = XCBuildConfiguration;
			buildSettings = {
				ALWAYS_SEARCH_USER_PATHS = NO;
				CLANG_ANALYZER_NONNULL = YES;
				CLANG_ANALYZER_NUMBER_OBJECT_CONVERSION = YES_AGGRESSIVE;
				CLANG_CXX_LANGUAGE_STANDARD = "gnu++14";
				CLANG_CXX_LIBRARY = "libc++";
				CLANG_ENABLE_MODULES = YES;
				CLANG_ENABLE_OBJC_ARC = YES;
				CLANG_ENABLE_OBJC_WEAK = YES;
				CLANG_WARN_BLOCK_CAPTURE_AUTORELEASING = YES;
				CLANG_WARN_BOOL_CONVERSION = YES;
				CLANG_WARN_COMMA = YES;
				CLANG_WARN_CONSTANT_CONVERSION = YES;
				CLANG_WARN_DEPRECATED_OBJC_IMPLEMENTATIONS = YES;
				CLANG_WARN_DIRECT_OBJC_ISA_USAGE = YES_ERROR;
				CLANG_WARN_DOCUMENTATION_COMMENTS = YES;
				CLANG_WARN_EMPTY_BODY = YES;
				CLANG_WARN_ENUM_CONVERSION = YES;
				CLANG_WARN_INFINITE_RECURSION = YES;
				CLANG_WARN_INT_CONVERSION = YES;
				CLANG_WARN_NON_LITERAL_NULL_CONVERSION = YES;
				CLANG_WARN_OBJC_IMPLICIT_RETAIN_SELF = YES;
				CLANG_WARN_OBJC_LITERAL_CONVERSION = YES;
				CLANG_WARN_OBJC_ROOT_CLASS = YES_ERROR;
				CLANG_WARN_QUOTED_INCLUDE_IN_FRAMEWORK_HEADER = YES;
				CLANG_WARN_RANGE_LOOP_ANALYSIS = YES;
				CLANG_WARN_STRICT_PROTOTYPES = YES;
				CLANG_WARN_SUSPICIOUS_MOVE = YES;
				CLANG_WARN_UNGUARDED_AVAILABILITY = YES_AGGRESSIVE;
				CLANG_WARN_UNREACHABLE_CODE = YES;
				CLANG_WARN__DUPLICATE_METHOD_MATCH = YES;
				COPY_PHASE_STRIP = NO;
				DEBUG_INFORMATION_FORMAT = "dwarf-with-dsym";
				ENABLE_NS_ASSERTIONS = NO;
				ENABLE_STRICT_OBJC_MSGSEND = YES;
				GCC_C_LANGUAGE_STANDARD = gnu11;
				GCC_NO_COMMON_BLOCKS = YES;
				GCC_WARN_64_TO_32_BIT_CONVERSION = YES;
				GCC_WARN_ABOUT_RETURN_TYPE = YES_ERROR;
				GCC_WARN_UNDECLARED_SELECTOR = YES;
				GCC_WARN_UNINITIALIZED_AUTOS = YES_AGGRESSIVE;
				GCC_WARN_UNUSED_FUNCTION = YES;
				GCC_WARN_UNUSED_VARIABLE = YES;
				IPHONEOS_DEPLOYMENT_TARGET = 14.4;
				MTL_ENABLE_DEBUG_INFO = NO;
				MTL_FAST_MATH = YES;
				SDKROOT = iphoneos;
				SWIFT_COMPILATION_MODE = wholemodule;
				SWIFT_OPTIMIZATION_LEVEL = "-O";
				VALIDATE_PRODUCT = YES;
			};
			name = Release;
		};
		FCB07EEA2606D5FE00E75FB3 /* Debug */ = {
			isa = XCBuildConfiguration;
			baseConfigurationReference = 2F2EE7E8F608C6AE54092714 /* Pods-InstaClone.debug.xcconfig */;
			buildSettings = {
				ASSETCATALOG_COMPILER_APPICON_NAME = AppIcon;
				ASSETCATALOG_COMPILER_GLOBAL_ACCENT_COLOR_NAME = AccentColor;
				CODE_SIGN_STYLE = Automatic;
				DEVELOPMENT_TEAM = 9FRQZG27MD;
				INFOPLIST_FILE = InstaClone/Info.plist;
				LD_RUNPATH_SEARCH_PATHS = (
					"$(inherited)",
					"@executable_path/Frameworks",
				);
				PRODUCT_BUNDLE_IDENTIFIER = com.Taha.InstaClone;
				PRODUCT_NAME = "$(TARGET_NAME)";
				SWIFT_VERSION = 5.0;
				TARGETED_DEVICE_FAMILY = "1,2";
			};
			name = Debug;
		};
		FCB07EEB2606D5FE00E75FB3 /* Release */ = {
			isa = XCBuildConfiguration;
			baseConfigurationReference = C5FE3F28AB0A8399DE86B64C /* Pods-InstaClone.release.xcconfig */;
			buildSettings = {
				ASSETCATALOG_COMPILER_APPICON_NAME = AppIcon;
				ASSETCATALOG_COMPILER_GLOBAL_ACCENT_COLOR_NAME = AccentColor;
				CODE_SIGN_STYLE = Automatic;
				DEVELOPMENT_TEAM = 9FRQZG27MD;
				INFOPLIST_FILE = InstaClone/Info.plist;
				LD_RUNPATH_SEARCH_PATHS = (
					"$(inherited)",
					"@executable_path/Frameworks",
				);
				PRODUCT_BUNDLE_IDENTIFIER = com.Taha.InstaClone;
				PRODUCT_NAME = "$(TARGET_NAME)";
				SWIFT_VERSION = 5.0;
				TARGETED_DEVICE_FAMILY = "1,2";
			};
			name = Release;
		};
/* End XCBuildConfiguration section */

/* Begin XCConfigurationList section */
		FCB07ED02606D5FD00E75FB3 /* Build configuration list for PBXProject "InstaClone" */ = {
			isa = XCConfigurationList;
			buildConfigurations = (
				FCB07EE72606D5FE00E75FB3 /* Debug */,
				FCB07EE82606D5FE00E75FB3 /* Release */,
			);
			defaultConfigurationIsVisible = 0;
			defaultConfigurationName = Release;
		};
		FCB07EE92606D5FE00E75FB3 /* Build configuration list for PBXNativeTarget "InstaClone" */ = {
			isa = XCConfigurationList;
			buildConfigurations = (
				FCB07EEA2606D5FE00E75FB3 /* Debug */,
				FCB07EEB2606D5FE00E75FB3 /* Release */,
			);
			defaultConfigurationIsVisible = 0;
			defaultConfigurationName = Release;
		};
/* End XCConfigurationList section */
	};
	rootObject = FCB07ECD2606D5FD00E75FB3 /* Project object */;
}
